
Microsoft Visual Studio Solution File, Format Version 12.00
# Visual Studio Version 16
VisualStudioVersion = 16.0.31729.503
MinimumVisualStudioVersion = 10.0.40219.1
Project("{FAE04EC0-301F-11D3-BF4B-00C04F79EFBC}") = "DiscordBot", "DiscordBot\DiscordBot.csproj", "{308016A1-CFE6-4199-81F0-A35DD76E5994}"
EndProject
Global
	GlobalSection(SolutionConfigurationPlatforms) = preSolution
		Debug|Any CPU = Debug|Any CPU
		Release|Any CPU = Release|Any CPU
	EndGlobalSection
	GlobalSection(ProjectConfigurationPlatforms) = postSolution
		{308016A1-CFE6-4199-81F0-A35DD76E5994}.Debug|Any CPU.ActiveCfg = Debug|Any CPU
		{308016A1-CFE6-4199-81F0-A35DD76E5994}.Debug|Any CPU.Build.0 = Debug|Any CPU
		{308016A1-CFE6-4199-81F0-A35DD76E5994}.Release|Any CPU.ActiveCfg = Release|Any CPU
		{308016A1-CFE6-4199-81F0-A35DD76E5994}.Release|Any CPU.Build.0 = Release|Any CPU
	EndGlobalSection
	GlobalSection(SolutionProperties) = preSolution
		HideSolutionNode = FALSE
	EndGlobalSection
	GlobalSection(ExtensibilityGlobals) = postSolution
		SolutionGuid = {2977412E-F212-4B98-B268-5A5C2FD888B7}
	EndGlobalSection
EndGlobal
